
Microsoft Visual Studio Solution File, Format Version 12.00
# Visual Studio Version 16
VisualStudioVersion = 16.0.30413.136
MinimumVisualStudioVersion = 10.0.40219.1
Project("{2150E333-8FDC-42A3-9474-1A3956D46DE8}") = "src", "src", "{21D34F62-236C-411A-ADA4-6C2F3E1FCDB0}"
EndProject
Project("{9A19103F-16F7-4668-BE54-9A1E7A4F7556}") = "Sample.ZeroMQ.InMemory", "samples\Sample.ZeroMQ.InMemory\Sample.ZeroMQ.InMemory.csproj", "{83FA323B-259C-4431-9899-726433C707D2}"
EndProject
Project("{2150E333-8FDC-42A3-9474-1A3956D46DE8}") = "samples", "samples", "{547B560E-7F34-4A2B-B6EE-E36814E07DFC}"
EndProject
Project("{9A19103F-16F7-4668-BE54-9A1E7A4F7556}") = "Sample.ConsoleApp", "samples\Sample.ConsoleApp\Sample.ConsoleApp.csproj", "{491417F0-578E-4238-80B7-670CFC8C138A}"
EndProject
Project("{9A19103F-16F7-4668-BE54-9A1E7A4F7556}") = "Sample.LiteDB.InMemory", "samples\Sample.LiteDB.InMemory\Sample.LiteDB.InMemory.csproj", "{7A249A53-CF37-441A-AA3E-E31FF56CD629}"
EndProject
Project("{9A19103F-16F7-4668-BE54-9A1E7A4F7556}") = "MaiKeBing.CAP.LiteDB", "src\MaiKeBing.CAP.LiteDB\MaiKeBing.CAP.LiteDB.csproj", "{5CD5590B-2C85-495A-B477-5F3D8BDF3129}"
EndProject
Project("{9A19103F-16F7-4668-BE54-9A1E7A4F7556}") = "MaiKeBing.CAP.ZeroMQ", "src\MaiKeBing.CAP.ZeroMQ\MaiKeBing.CAP.ZeroMQ.csproj", "{08CA1622-F684-4FFA-ADE9-CE746468516F}"
EndProject
Project("{2150E333-8FDC-42A3-9474-1A3956D46DE8}") = "Solution Items", "Solution Items", "{866493C7-99E5-470E-B227-07B70F034FE0}"
	ProjectSection(SolutionItems) = preProject
		LICENSE = LICENSE
		README.md = README.md
	EndProjectSection
EndProject
Project("{9A19103F-16F7-4668-BE54-9A1E7A4F7556}") = "MaiKeBing.HostedService.ZeroMQ", "src\MaiKeBing.HostedService.ZeroMQ\MaiKeBing.HostedService.ZeroMQ.csproj", "{2194F64B-D48B-42EF-9ED0-CCB77E5B708F}"
EndProject
Project("{9A19103F-16F7-4668-BE54-9A1E7A4F7556}") = "CAP.Extensions", "src\CAP.Extensions\CAP.Extensions.csproj", "{1A2A7B13-ADBB-4342-8A22-F44FBBC38153}"
EndProject
Project("{9A19103F-16F7-4668-BE54-9A1E7A4F7556}") = "Rennix09.CAP.Oracle", "src\Rennix09.CAP.Oracle\Rennix09.CAP.Oracle.csproj", "{D20B899E-CAC1-415C-BE65-BA1B245A71FD}"
EndProject
Project("{9A19103F-16F7-4668-BE54-9A1E7A4F7556}") = "Sample.RabbitMQ.Oracle", "samples\Sample.RabbitMQ.Oracle\Sample.RabbitMQ.Oracle.csproj", "{41031612-997C-4A72-81A0-97B9B3E27F8F}"
EndProject
Global
	GlobalSection(SolutionConfigurationPlatforms) = preSolution
		Debug|Any CPU = Debug|Any CPU
		Release|Any CPU = Release|Any CPU
	EndGlobalSection
	GlobalSection(ProjectConfigurationPlatforms) = postSolution
		{83FA323B-259C-4431-9899-726433C707D2}.Debug|Any CPU.ActiveCfg = Debug|Any CPU
		{83FA323B-259C-4431-9899-726433C707D2}.Debug|Any CPU.Build.0 = Debug|Any CPU
		{83FA323B-259C-4431-9899-726433C707D2}.Release|Any CPU.ActiveCfg = Release|Any CPU
		{83FA323B-259C-4431-9899-726433C707D2}.Release|Any CPU.Build.0 = Release|Any CPU
		{491417F0-578E-4238-80B7-670CFC8C138A}.Debug|Any CPU.ActiveCfg = Debug|Any CPU
		{491417F0-578E-4238-80B7-670CFC8C138A}.Debug|Any CPU.Build.0 = Debug|Any CPU
		{491417F0-578E-4238-80B7-670CFC8C138A}.Release|Any CPU.ActiveCfg = Release|Any CPU
		{491417F0-578E-4238-80B7-670CFC8C138A}.Release|Any CPU.Build.0 = Release|Any CPU
		{7A249A53-CF37-441A-AA3E-E31FF56CD629}.Debug|Any CPU.ActiveCfg = Debug|Any CPU
		{7A249A53-CF37-441A-AA3E-E31FF56CD629}.Debug|Any CPU.Build.0 = Debug|Any CPU
		{7A249A53-CF37-441A-AA3E-E31FF56CD629}.Release|Any CPU.ActiveCfg = Release|Any CPU
		{7A249A53-CF37-441A-AA3E-E31FF56CD629}.Release|Any CPU.Build.0 = Release|Any CPU
		{5CD5590B-2C85-495A-B477-5F3D8BDF3129}.Debug|Any CPU.ActiveCfg = Debug|Any CPU
		{5CD5590B-2C85-495A-B477-5F3D8BDF3129}.Debug|Any CPU.Build.0 = Debug|Any CPU
		{5CD5590B-2C85-495A-B477-5F3D8BDF3129}.Release|Any CPU.ActiveCfg = Release|Any CPU
		{5CD5590B-2C85-495A-B477-5F3D8BDF3129}.Release|Any CPU.Build.0 = Release|Any CPU
		{08CA1622-F684-4FFA-ADE9-CE746468516F}.Debug|Any CPU.ActiveCfg = Debug|Any CPU
		{08CA1622-F684-4FFA-ADE9-CE746468516F}.Debug|Any CPU.Build.0 = Debug|Any CPU
		{08CA1622-F684-4FFA-ADE9-CE746468516F}.Release|Any CPU.ActiveCfg = Release|Any CPU
		{08CA1622-F684-4FFA-ADE9-CE746468516F}.Release|Any CPU.Build.0 = Release|Any CPU
		{2194F64B-D48B-42EF-9ED0-CCB77E5B708F}.Debug|Any CPU.ActiveCfg = Debug|Any CPU
		{2194F64B-D48B-42EF-9ED0-CCB77E5B708F}.Debug|Any CPU.Build.0 = Debug|Any CPU
		{2194F64B-D48B-42EF-9ED0-CCB77E5B708F}.Release|Any CPU.ActiveCfg = Release|Any CPU
		{2194F64B-D48B-42EF-9ED0-CCB77E5B708F}.Release|Any CPU.Build.0 = Release|Any CPU
		{1A2A7B13-ADBB-4342-8A22-F44FBBC38153}.Debug|Any CPU.ActiveCfg = Debug|Any CPU
		{1A2A7B13-ADBB-4342-8A22-F44FBBC38153}.Debug|Any CPU.Build.0 = Debug|Any CPU
		{1A2A7B13-ADBB-4342-8A22-F44FBBC38153}.Release|Any CPU.ActiveCfg = Release|Any CPU
		{1A2A7B13-ADBB-4342-8A22-F44FBBC38153}.Release|Any CPU.Build.0 = Release|Any CPU
		{D20B899E-CAC1-415C-BE65-BA1B245A71FD}.Debug|Any CPU.ActiveCfg = Debug|Any CPU
		{D20B899E-CAC1-415C-BE65-BA1B245A71FD}.Debug|Any CPU.Build.0 = Debug|Any CPU
		{D20B899E-CAC1-415C-BE65-BA1B245A71FD}.Release|Any CPU.ActiveCfg = Release|Any CPU
		{D20B899E-CAC1-415C-BE65-BA1B245A71FD}.Release|Any CPU.Build.0 = Release|Any CPU
		{41031612-997C-4A72-81A0-97B9B3E27F8F}.Debug|Any CPU.ActiveCfg = Debug|Any CPU
		{41031612-997C-4A72-81A0-97B9B3E27F8F}.Debug|Any CPU.Build.0 = Debug|Any CPU
		{41031612-997C-4A72-81A0-97B9B3E27F8F}.Release|Any CPU.ActiveCfg = Release|Any CPU
		{41031612-997C-4A72-81A0-97B9B3E27F8F}.Release|Any CPU.Build.0 = Release|Any CPU
	EndGlobalSection
	GlobalSection(SolutionProperties) = preSolution
		HideSolutionNode = FALSE
	EndGlobalSection
	GlobalSection(NestedProjects) = preSolution
		{83FA323B-259C-4431-9899-726433C707D2} = {547B560E-7F34-4A2B-B6EE-E36814E07DFC}
		{491417F0-578E-4238-80B7-670CFC8C138A} = {547B560E-7F34-4A2B-B6EE-E36814E07DFC}
		{7A249A53-CF37-441A-AA3E-E31FF56CD629} = {547B560E-7F34-4A2B-B6EE-E36814E07DFC}
		{5CD5590B-2C85-495A-B477-5F3D8BDF3129} = {21D34F62-236C-411A-ADA4-6C2F3E1FCDB0}
		{08CA1622-F684-4FFA-ADE9-CE746468516F} = {21D34F62-236C-411A-ADA4-6C2F3E1FCDB0}
		{2194F64B-D48B-42EF-9ED0-CCB77E5B708F} = {21D34F62-236C-411A-ADA4-6C2F3E1FCDB0}
		{1A2A7B13-ADBB-4342-8A22-F44FBBC38153} = {21D34F62-236C-411A-ADA4-6C2F3E1FCDB0}
		{D20B899E-CAC1-415C-BE65-BA1B245A71FD} = {21D34F62-236C-411A-ADA4-6C2F3E1FCDB0}
		{41031612-997C-4A72-81A0-97B9B3E27F8F} = {547B560E-7F34-4A2B-B6EE-E36814E07DFC}
	EndGlobalSection
	GlobalSection(ExtensibilityGlobals) = postSolution
		SolutionGuid = {416A1A17-816A-418A-8B92-7FE4AF6BD6F6}
	EndGlobalSection
EndGlobal
